// !$*UTF8*$!
{
	archiveVersion = 1;
	classes = {
	};
	objectVersion = 48;
	objects = {

/* Begin PBXBuildFile section */
		14DD0194205D420D00D16816 /* AppDelegate.swift in Sources */ = {isa = PBXBuildFile; fileRef = 14DD0193205D420D00D16816 /* AppDelegate.swift */; };
		14DD0199205D420D00D16816 /* Main.storyboard in Resources */ = {isa = PBXBuildFile; fileRef = 14DD0197205D420D00D16816 /* Main.storyboard */; };
		14DD019B205D420D00D16816 /* Assets.xcassets in Resources */ = {isa = PBXBuildFile; fileRef = 14DD019A205D420D00D16816 /* Assets.xcassets */; };
		14DD019E205D420D00D16816 /* LaunchScreen.storyboard in Resources */ = {isa = PBXBuildFile; fileRef = 14DD019C205D420D00D16816 /* LaunchScreen.storyboard */; };
		14DD01A9205D489E00D16816 /* SWRevealViewController.m in Sources */ = {isa = PBXBuildFile; fileRef = 14DD01A7205D489D00D16816 /* SWRevealViewController.m */; };
		14DD01B9205D5CC600D16816 /* ChatVC.swift in Sources */ = {isa = PBXBuildFile; fileRef = 14DD01B8205D5CC600D16816 /* ChatVC.swift */; };
		14DD01BB205D5CDD00D16816 /* ChannelVC.swift in Sources */ = {isa = PBXBuildFile; fileRef = 14DD01BA205D5CDD00D16816 /* ChannelVC.swift */; };
		14DD01BD205D65F200D16816 /* GradientView.swift in Sources */ = {isa = PBXBuildFile; fileRef = 14DD01BC205D65F200D16816 /* GradientView.swift */; };
		14DD01C0205E331000D16816 /* Constants.swift in Sources */ = {isa = PBXBuildFile; fileRef = 14DD01BF205E331000D16816 /* Constants.swift */; };
		14DD01C2205E391D00D16816 /* LoginVC.swift in Sources */ = {isa = PBXBuildFile; fileRef = 14DD01C1205E391D00D16816 /* LoginVC.swift */; };
		14DD01C4205E42F300D16816 /* CreateAccountVC.swift in Sources */ = {isa = PBXBuildFile; fileRef = 14DD01C3205E42F300D16816 /* CreateAccountVC.swift */; };
		1689328EAA928D8048EBD936 /* Pods_Smack.framework in Frameworks */ = {isa = PBXBuildFile; fileRef = 394E981BC8A9B4DCA51E5D10 /* Pods_Smack.framework */; };
/* End PBXBuildFile section */

/* Begin PBXFileReference section */
		0B95F1961EC514E9498DF451 /* Pods-Smack.debug.xcconfig */ = {isa = PBXFileReference; includeInIndex = 1; lastKnownFileType = text.xcconfig; name = "Pods-Smack.debug.xcconfig"; path = "Pods/Target Support Files/Pods-Smack/Pods-Smack.debug.xcconfig"; sourceTree = "<group>"; };
		14DD0190205D420D00D16816 /* Smack.app */ = {isa = PBXFileReference; explicitFileType = wrapper.application; includeInIndex = 0; path = Smack.app; sourceTree = BUILT_PRODUCTS_DIR; };
		14DD0193205D420D00D16816 /* AppDelegate.swift */ = {isa = PBXFileReference; lastKnownFileType = sourcecode.swift; path = AppDelegate.swift; sourceTree = "<group>"; };
		14DD0198205D420D00D16816 /* Base */ = {isa = PBXFileReference; lastKnownFileType = file.storyboard; name = Base; path = Base.lproj/Main.storyboard; sourceTree = "<group>"; };
		14DD019A205D420D00D16816 /* Assets.xcassets */ = {isa = PBXFileReference; lastKnownFileType = folder.assetcatalog; path = Assets.xcassets; sourceTree = "<group>"; };
		14DD019D205D420D00D16816 /* Base */ = {isa = PBXFileReference; lastKnownFileType = file.storyboard; name = Base; path = Base.lproj/LaunchScreen.storyboard; sourceTree = "<group>"; };
		14DD019F205D420D00D16816 /* Info.plist */ = {isa = PBXFileReference; lastKnownFileType = text.plist.xml; path = Info.plist; sourceTree = "<group>"; };
		14DD01A6205D489D00D16816 /* Smack-Bridging-Header.h */ = {isa = PBXFileReference; lastKnownFileType = sourcecode.c.h; path = "Smack-Bridging-Header.h"; sourceTree = "<group>"; };
		14DD01A7205D489D00D16816 /* SWRevealViewController.m */ = {isa = PBXFileReference; fileEncoding = 4; lastKnownFileType = sourcecode.c.objc; path = SWRevealViewController.m; sourceTree = "<group>"; };
		14DD01A8205D489D00D16816 /* SWRevealViewController.h */ = {isa = PBXFileReference; fileEncoding = 4; lastKnownFileType = sourcecode.c.h; path = SWRevealViewController.h; sourceTree = "<group>"; };
		14DD01B8205D5CC600D16816 /* ChatVC.swift */ = {isa = PBXFileReference; lastKnownFileType = sourcecode.swift; path = ChatVC.swift; sourceTree = "<group>"; };
		14DD01BA205D5CDD00D16816 /* ChannelVC.swift */ = {isa = PBXFileReference; lastKnownFileType = sourcecode.swift; path = ChannelVC.swift; sourceTree = "<group>"; };
		14DD01BC205D65F200D16816 /* GradientView.swift */ = {isa = PBXFileReference; lastKnownFileType = sourcecode.swift; path = GradientView.swift; sourceTree = "<group>"; };
		14DD01BF205E331000D16816 /* Constants.swift */ = {isa = PBXFileReference; lastKnownFileType = sourcecode.swift; path = Constants.swift; sourceTree = "<group>"; };
		14DD01C1205E391D00D16816 /* LoginVC.swift */ = {isa = PBXFileReference; lastKnownFileType = sourcecode.swift; path = LoginVC.swift; sourceTree = "<group>"; };
		14DD01C3205E42F300D16816 /* CreateAccountVC.swift */ = {isa = PBXFileReference; lastKnownFileType = sourcecode.swift; path = CreateAccountVC.swift; sourceTree = "<group>"; };
		394E981BC8A9B4DCA51E5D10 /* Pods_Smack.framework */ = {isa = PBXFileReference; explicitFileType = wrapper.framework; includeInIndex = 0; path = Pods_Smack.framework; sourceTree = BUILT_PRODUCTS_DIR; };
		9196F2714ED48B32F8FA5B19 /* Pods-Smack.release.xcconfig */ = {isa = PBXFileReference; includeInIndex = 1; lastKnownFileType = text.xcconfig; name = "Pods-Smack.release.xcconfig"; path = "Pods/Target Support Files/Pods-Smack/Pods-Smack.release.xcconfig"; sourceTree = "<group>"; };
/* End PBXFileReference section */

/* Begin PBXFrameworksBuildPhase section */
		14DD018D205D420D00D16816 /* Frameworks */ = {
			isa = PBXFrameworksBuildPhase;
			buildActionMask = 2147483647;
			files = (
				1689328EAA928D8048EBD936 /* Pods_Smack.framework in Frameworks */,
			);
			runOnlyForDeploymentPostprocessing = 0;
		};
/* End PBXFrameworksBuildPhase section */

/* Begin PBXGroup section */
		14DD0187205D420D00D16816 = {
			isa = PBXGroup;
			children = (
				14DD0192205D420D00D16816 /* Smack */,
				14DD0191205D420D00D16816 /* Products */,
				F92FAC26B0ED80BCC6B99F2F /* Pods */,
				313C1464DC786390ACADB4FE /* Frameworks */,
			);
			sourceTree = "<group>";
		};
		14DD0191205D420D00D16816 /* Products */ = {
			isa = PBXGroup;
			children = (
				14DD0190205D420D00D16816 /* Smack.app */,
			);
			name = Products;
			sourceTree = "<group>";
		};
		14DD0192205D420D00D16816 /* Smack */ = {
			isa = PBXGroup;
			children = (
				14DD01BE205E32F600D16816 /* Utilities */,
				14DD01B7205D5C9F00D16816 /* Model */,
				14DD01B6205D5C9800D16816 /* View */,
				14DD01B5205D5C9000D16816 /* Controller */,
				14DD0193205D420D00D16816 /* AppDelegate.swift */,
				14DD0197205D420D00D16816 /* Main.storyboard */,
				14DD019A205D420D00D16816 /* Assets.xcassets */,
				14DD019C205D420D00D16816 /* LaunchScreen.storyboard */,
				14DD019F205D420D00D16816 /* Info.plist */,
				14DD01A5205D484E00D16816 /* Supporting Files */,
			);
			path = Smack;
			sourceTree = "<group>";
		};
		14DD01A5205D484E00D16816 /* Supporting Files */ = {
			isa = PBXGroup;
			children = (
				14DD01A8205D489D00D16816 /* SWRevealViewController.h */,
				14DD01A7205D489D00D16816 /* SWRevealViewController.m */,
				14DD01A6205D489D00D16816 /* Smack-Bridging-Header.h */,
			);
			path = "Supporting Files";
			sourceTree = "<group>";
		};
		14DD01B5205D5C9000D16816 /* Controller */ = {
			isa = PBXGroup;
			children = (
				14DD01B8205D5CC600D16816 /* ChatVC.swift */,
				14DD01BA205D5CDD00D16816 /* ChannelVC.swift */,
				14DD01C1205E391D00D16816 /* LoginVC.swift */,
				14DD01C3205E42F300D16816 /* CreateAccountVC.swift */,
			);
			path = Controller;
			sourceTree = "<group>";
		};
		14DD01B6205D5C9800D16816 /* View */ = {
			isa = PBXGroup;
			children = (
				14DD01BC205D65F200D16816 /* GradientView.swift */,
			);
			path = View;
			sourceTree = "<group>";
		};
		14DD01B7205D5C9F00D16816 /* Model */ = {
			isa = PBXGroup;
			children = (
			);
			path = Model;
			sourceTree = "<group>";
		};
		14DD01BE205E32F600D16816 /* Utilities */ = {
			isa = PBXGroup;
			children = (
				14DD01BF205E331000D16816 /* Constants.swift */,
			);
			path = Utilities;
			sourceTree = "<group>";
		};
		313C1464DC786390ACADB4FE /* Frameworks */ = {
			isa = PBXGroup;
			children = (
				394E981BC8A9B4DCA51E5D10 /* Pods_Smack.framework */,
			);
			name = Frameworks;
			sourceTree = "<group>";
		};
		F92FAC26B0ED80BCC6B99F2F /* Pods */ = {
			isa = PBXGroup;
			children = (
				0B95F1961EC514E9498DF451 /* Pods-Smack.debug.xcconfig */,
				9196F2714ED48B32F8FA5B19 /* Pods-Smack.release.xcconfig */,
			);
			name = Pods;
			sourceTree = "<group>";
		};
/* End PBXGroup section */

/* Begin PBXNativeTarget section */
		14DD018F205D420D00D16816 /* Smack */ = {
			isa = PBXNativeTarget;
			buildConfigurationList = 14DD01A2205D420D00D16816 /* Build configuration list for PBXNativeTarget "Smack" */;
			buildPhases = (
				AFDD2284E557E92200DE5188 /* [CP] Check Pods Manifest.lock */,
				14DD018C205D420D00D16816 /* Sources */,
				14DD018D205D420D00D16816 /* Frameworks */,
				14DD018E205D420D00D16816 /* Resources */,
				497E4CD0704DD9B1E93ED1CA /* [CP] Embed Pods Frameworks */,
				E75D5920EC41D058E3CA5782 /* [CP] Copy Pods Resources */,
			);
			buildRules = (
			);
			dependencies = (
			);
			name = Smack;
			productName = Smack;
			productReference = 14DD0190205D420D00D16816 /* Smack.app */;
			productType = "com.apple.product-type.application";
		};
/* End PBXNativeTarget section */

/* Begin PBXProject section */
		14DD0188205D420D00D16816 /* Project object */ = {
			isa = PBXProject;
			attributes = {
				LastSwiftUpdateCheck = 0920;
				LastUpgradeCheck = 0920;
				ORGANIZATIONNAME = DavidWu;
				TargetAttributes = {
					14DD018F205D420D00D16816 = {
						CreatedOnToolsVersion = 9.2;
						LastSwiftMigration = 0920;
						ProvisioningStyle = Automatic;
					};
				};
			};
			buildConfigurationList = 14DD018B205D420D00D16816 /* Build configuration list for PBXProject "Smack" */;
			compatibilityVersion = "Xcode 8.0";
			developmentRegion = en;
			hasScannedForEncodings = 0;
			knownRegions = (
				en,
				Base,
			);
			mainGroup = 14DD0187205D420D00D16816;
			productRefGroup = 14DD0191205D420D00D16816 /* Products */;
			projectDirPath = "";
			projectRoot = "";
			targets = (
				14DD018F205D420D00D16816 /* Smack */,
			);
		};
/* End PBXProject section */

/* Begin PBXResourcesBuildPhase section */
		14DD018E205D420D00D16816 /* Resources */ = {
			isa = PBXResourcesBuildPhase;
			buildActionMask = 2147483647;
			files = (
				14DD019E205D420D00D16816 /* LaunchScreen.storyboard in Resources */,
				14DD019B205D420D00D16816 /* Assets.xcassets in Resources */,
				14DD0199205D420D00D16816 /* Main.storyboard in Resources */,
			);
			runOnlyForDeploymentPostprocessing = 0;
		};
/* End PBXResourcesBuildPhase section */

/* Begin PBXShellScriptBuildPhase section */
		497E4CD0704DD9B1E93ED1CA /* [CP] Embed Pods Frameworks */ = {
			isa = PBXShellScriptBuildPhase;
			buildActionMask = 2147483647;
			files = (
			);
			inputPaths = (
				"${SRCROOT}/Pods/Target Support Files/Pods-Smack/Pods-Smack-frameworks.sh",
				"${BUILT_PRODUCTS_DIR}/Alamofire/Alamofire.framework",
				"${BUILT_PRODUCTS_DIR}/Socket.IO-Client-Swift/SocketIO.framework",
				"${BUILT_PRODUCTS_DIR}/Starscream/Starscream.framework",
				"${BUILT_PRODUCTS_DIR}/SwiftyJSON/SwiftyJSON.framework",
			);
			name = "[CP] Embed Pods Frameworks";
			outputPaths = (
				"${TARGET_BUILD_DIR}/${FRAMEWORKS_FOLDER_PATH}/Alamofire.framework",
				"${TARGET_BUILD_DIR}/${FRAMEWORKS_FOLDER_PATH}/SocketIO.framework",
				"${TARGET_BUILD_DIR}/${FRAMEWORKS_FOLDER_PATH}/Starscream.framework",
				"${TARGET_BUILD_DIR}/${FRAMEWORKS_FOLDER_PATH}/SwiftyJSON.framework",
			);
			runOnlyForDeploymentPostprocessing = 0;
			shellPath = /bin/sh;
			shellScript = "\"${SRCROOT}/Pods/Target Support Files/Pods-Smack/Pods-Smack-frameworks.sh\"\n";
			showEnvVarsInLog = 0;
		};
		AFDD2284E557E92200DE5188 /* [CP] Check Pods Manifest.lock */ = {
			isa = PBXShellScriptBuildPhase;
			buildActionMask = 2147483647;
			files = (
			);
			inputPaths = (
				"${PODS_PODFILE_DIR_PATH}/Podfile.lock",
				"${PODS_ROOT}/Manifest.lock",
			);
			name = "[CP] Check Pods Manifest.lock";
			outputPaths = (
				"$(DERIVED_FILE_DIR)/Pods-Smack-checkManifestLockResult.txt",
			);
			runOnlyForDeploymentPostprocessing = 0;
			shellPath = /bin/sh;
			shellScript = "diff \"${PODS_PODFILE_DIR_PATH}/Podfile.lock\" \"${PODS_ROOT}/Manifest.lock\" > /dev/null\nif [ $? != 0 ] ; then\n    # print error to STDERR\n    echo \"error: The sandbox is not in sync with the Podfile.lock. Run 'pod install' or update your CocoaPods installation.\" >&2\n    exit 1\nfi\n# This output is used by Xcode 'outputs' to avoid re-running this script phase.\necho \"SUCCESS\" > \"${SCRIPT_OUTPUT_FILE_0}\"\n";
			showEnvVarsInLog = 0;
		};
		E75D5920EC41D058E3CA5782 /* [CP] Copy Pods Resources */ = {
			isa = PBXShellScriptBuildPhase;
			buildActionMask = 2147483647;
			files = (
			);
			inputPaths = (
			);
			name = "[CP] Copy Pods Resources";
			outputPaths = (
			);
			runOnlyForDeploymentPostprocessing = 0;
			shellPath = /bin/sh;
			shellScript = "\"${SRCROOT}/Pods/Target Support Files/Pods-Smack/Pods-Smack-resources.sh\"\n";
			showEnvVarsInLog = 0;
		};
/* End PBXShellScriptBuildPhase section */

/* Begin PBXSourcesBuildPhase section */
		14DD018C205D420D00D16816 /* Sources */ = {
			isa = PBXSourcesBuildPhase;
			buildActionMask = 2147483647;
			files = (
				14DD01BB205D5CDD00D16816 /* ChannelVC.swift in Sources */,
				14DD01B9205D5CC600D16816 /* ChatVC.swift in Sources */,
				14DD01C4205E42F300D16816 /* CreateAccountVC.swift in Sources */,
				14DD01C2205E391D00D16816 /* LoginVC.swift in Sources */,
				14DD01BD205D65F200D16816 /* GradientView.swift in Sources */,
				14DD0194205D420D00D16816 /* AppDelegate.swift in Sources */,
				14DD01A9205D489E00D16816 /* SWRevealViewController.m in Sources */,
				14DD01C0205E331000D16816 /* Constants.swift in Sources */,
			);
			runOnlyForDeploymentPostprocessing = 0;
		};
/* End PBXSourcesBuildPhase section */

/* Begin PBXVariantGroup section */
		14DD0197205D420D00D16816 /* Main.storyboard */ = {
			isa = PBXVariantGroup;
			children = (
				14DD0198205D420D00D16816 /* Base */,
			);
			name = Main.storyboard;
			sourceTree = "<group>";
		};
		14DD019C205D420D00D16816 /* LaunchScreen.storyboard */ = {
			isa = PBXVariantGroup;
			children = (
				14DD019D205D420D00D16816 /* Base */,
			);
			name = LaunchScreen.storyboard;
			sourceTree = "<group>";
		};
/* End PBXVariantGroup section */

/* Begin XCBuildConfiguration section */
		14DD01A0205D420D00D16816 /* Debug */ = {
			isa = XCBuildConfiguration;
			buildSettings = {
				ALWAYS_SEARCH_USER_PATHS = NO;
				CLANG_ANALYZER_NONNULL = YES;
				CLANG_ANALYZER_NUMBER_OBJECT_CONVERSION = YES_AGGRESSIVE;
				CLANG_CXX_LANGUAGE_STANDARD = "gnu++14";
				CLANG_CXX_LIBRARY = "libc++";
				CLANG_ENABLE_MODULES = YES;
				CLANG_ENABLE_OBJC_ARC = YES;
				CLANG_WARN_BLOCK_CAPTURE_AUTORELEASING = YES;
				CLANG_WARN_BOOL_CONVERSION = YES;
				CLANG_WARN_COMMA = YES;
				CLANG_WARN_CONSTANT_CONVERSION = YES;
				CLANG_WARN_DIRECT_OBJC_ISA_USAGE = YES_ERROR;
				CLANG_WARN_DOCUMENTATION_COMMENTS = YES;
				CLANG_WARN_EMPTY_BODY = YES;
				CLANG_WARN_ENUM_CONVERSION = YES;
				CLANG_WARN_INFINITE_RECURSION = YES;
				CLANG_WARN_INT_CONVERSION = YES;
				CLANG_WARN_NON_LITERAL_NULL_CONVERSION = YES;
				CLANG_WARN_OBJC_LITERAL_CONVERSION = YES;
				CLANG_WARN_OBJC_ROOT_CLASS = YES_ERROR;
				CLANG_WARN_RANGE_LOOP_ANALYSIS = YES;
				CLANG_WARN_STRICT_PROTOTYPES = YES;
				CLANG_WARN_SUSPICIOUS_MOVE = YES;
				CLANG_WARN_UNGUARDED_AVAILABILITY = YES_AGGRESSIVE;
				CLANG_WARN_UNREACHABLE_CODE = YES;
				CLANG_WARN__DUPLICATE_METHOD_MATCH = YES;
				CODE_SIGN_IDENTITY = "iPhone Developer";
				COPY_PHASE_STRIP = NO;
				DEBUG_INFORMATION_FORMAT = dwarf;
				ENABLE_STRICT_OBJC_MSGSEND = YES;
				ENABLE_TESTABILITY = YES;
				GCC_C_LANGUAGE_STANDARD = gnu11;
				GCC_DYNAMIC_NO_PIC = NO;
				GCC_NO_COMMON_BLOCKS = YES;
				GCC_OPTIMIZATION_LEVEL = 0;
				GCC_PREPROCESSOR_DEFINITIONS = (
					"DEBUG=1",
					"$(inherited)",
				);
				GCC_WARN_64_TO_32_BIT_CONVERSION = YES;
				GCC_WARN_ABOUT_RETURN_TYPE = YES_ERROR;
				GCC_WARN_UNDECLARED_SELECTOR = YES;
				GCC_WARN_UNINITIALIZED_AUTOS = YES_AGGRESSIVE;
				GCC_WARN_UNUSED_FUNCTION = YES;
				GCC_WARN_UNUSED_VARIABLE = YES;
				IPHONEOS_DEPLOYMENT_TARGET = 11.2;
				MTL_ENABLE_DEBUG_INFO = YES;
				ONLY_ACTIVE_ARCH = YES;
				SDKROOT = iphoneos;
				SWIFT_ACTIVE_COMPILATION_CONDITIONS = DEBUG;
				SWIFT_OPTIMIZATION_LEVEL = "-Onone";
			};
			name = Debug;
		};
		14DD01A1205D420D00D16816 /* Release */ = {
			isa = XCBuildConfiguration;
			buildSettings = {
				ALWAYS_SEARCH_USER_PATHS = NO;
				CLANG_ANALYZER_NONNULL = YES;
				CLANG_ANALYZER_NUMBER_OBJECT_CONVERSION = YES_AGGRESSIVE;
				CLANG_CXX_LANGUAGE_STANDARD = "gnu++14";
				CLANG_CXX_LIBRARY = "libc++";
				CLANG_ENABLE_MODULES = YES;
				CLANG_ENABLE_OBJC_ARC = YES;
				CLANG_WARN_BLOCK_CAPTURE_AUTORELEASING = YES;
				CLANG_WARN_BOOL_CONVERSION = YES;
				CLANG_WARN_COMMA = YES;
				CLANG_WARN_CONSTANT_CONVERSION = YES;
				CLANG_WARN_DIRECT_OBJC_ISA_USAGE = YES_ERROR;
				CLANG_WARN_DOCUMENTATION_COMMENTS = YES;
				CLANG_WARN_EMPTY_BODY = YES;
				CLANG_WARN_ENUM_CONVERSION = YES;
				CLANG_WARN_INFINITE_RECURSION = YES;
				CLANG_WARN_INT_CONVERSION = YES;
				CLANG_WARN_NON_LITERAL_NULL_CONVERSION = YES;
				CLANG_WARN_OBJC_LITERAL_CONVERSION = YES;
				CLANG_WARN_OBJC_ROOT_CLASS = YES_ERROR;
				CLANG_WARN_RANGE_LOOP_ANALYSIS = YES;
				CLANG_WARN_STRICT_PROTOTYPES = YES;
				CLANG_WARN_SUSPICIOUS_MOVE = YES;
				CLANG_WARN_UNGUARDED_AVAILABILITY = YES_AGGRESSIVE;
				CLANG_WARN_UNREACHABLE_CODE = YES;
				CLANG_WARN__DUPLICATE_METHOD_MATCH = YES;
				CODE_SIGN_IDENTITY = "iPhone Developer";
				COPY_PHASE_STRIP = NO;
				DEBUG_INFORMATION_FORMAT = "dwarf-with-dsym";
				ENABLE_NS_ASSERTIONS = NO;
				ENABLE_STRICT_OBJC_MSGSEND = YES;
				GCC_C_LANGUAGE_STANDARD = gnu11;
				GCC_NO_COMMON_BLOCKS = YES;
				GCC_WARN_64_TO_32_BIT_CONVERSION = YES;
				GCC_WARN_ABOUT_RETURN_TYPE = YES_ERROR;
				GCC_WARN_UNDECLARED_SELECTOR = YES;
				GCC_WARN_UNINITIALIZED_AUTOS = YES_AGGRESSIVE;
				GCC_WARN_UNUSED_FUNCTION = YES;
				GCC_WARN_UNUSED_VARIABLE = YES;
				IPHONEOS_DEPLOYMENT_TARGET = 11.2;
				MTL_ENABLE_DEBUG_INFO = NO;
				SDKROOT = iphoneos;
				SWIFT_OPTIMIZATION_LEVEL = "-Owholemodule";
				VALIDATE_PRODUCT = YES;
			};
			name = Release;
		};
		14DD01A3205D420D00D16816 /* Debug */ = {
			isa = XCBuildConfiguration;
			baseConfigurationReference = 0B95F1961EC514E9498DF451 /* Pods-Smack.debug.xcconfig */;
			buildSettings = {
				ASSETCATALOG_COMPILER_APPICON_NAME = AppIcon;
				CLANG_ENABLE_MODULES = YES;
				CODE_SIGN_STYLE = Automatic;
				DEVELOPMENT_TEAM = ND2LGZT6B5;
				INFOPLIST_FILE = Smack/Info.plist;
				LD_RUNPATH_SEARCH_PATHS = "$(inherited) @executable_path/Frameworks";
				PRODUCT_BUNDLE_IDENTIFIER = com.davidwu.Smack;
				PRODUCT_NAME = "$(TARGET_NAME)";
				SWIFT_OBJC_BRIDGING_HEADER = "Smack/Supporting Files/Smack-Bridging-Header.h";
				SWIFT_OPTIMIZATION_LEVEL = "-Onone";
				SWIFT_VERSION = 4.0;
				TARGETED_DEVICE_FAMILY = "1,2";
			};
			name = Debug;
		};
		14DD01A4205D420D00D16816 /* Release */ = {
			isa = XCBuildConfiguration;
			baseConfigurationReference = 9196F2714ED48B32F8FA5B19 /* Pods-Smack.release.xcconfig */;
			buildSettings = {
				ASSETCATALOG_COMPILER_APPICON_NAME = AppIcon;
				CLANG_ENABLE_MODULES = YES;
				CODE_SIGN_STYLE = Automatic;
				DEVELOPMENT_TEAM = ND2LGZT6B5;
				INFOPLIST_FILE = Smack/Info.plist;
				LD_RUNPATH_SEARCH_PATHS = "$(inherited) @executable_path/Frameworks";
				PRODUCT_BUNDLE_IDENTIFIER = com.davidwu.Smack;
				PRODUCT_NAME = "$(TARGET_NAME)";
				SWIFT_OBJC_BRIDGING_HEADER = "Smack/Supporting Files/Smack-Bridging-Header.h";
				SWIFT_VERSION = 4.0;
				TARGETED_DEVICE_FAMILY = "1,2";
			};
			name = Release;
		};
/* End XCBuildConfiguration section */

/* Begin XCConfigurationList section */
		14DD018B205D420D00D16816 /* Build configuration list for PBXProject "Smack" */ = {
			isa = XCConfigurationList;
			buildConfigurations = (
				14DD01A0205D420D00D16816 /* Debug */,
				14DD01A1205D420D00D16816 /* Release */,
			);
			defaultConfigurationIsVisible = 0;
			defaultConfigurationName = Release;
		};
		14DD01A2205D420D00D16816 /* Build configuration list for PBXNativeTarget "Smack" */ = {
			isa = XCConfigurationList;
			buildConfigurations = (
				14DD01A3205D420D00D16816 /* Debug */,
				14DD01A4205D420D00D16816 /* Release */,
			);
			defaultConfigurationIsVisible = 0;
			defaultConfigurationName = Release;
		};
/* End XCConfigurationList section */
	};
	rootObject = 14DD0188205D420D00D16816 /* Project object */;
}
